{
  "name": "chamber-copilot-runtime",
  "version": "0.0.0",
  "lockfileVersion": 3,
  "requires": true,
  "packages": {
    "": {
      "name": "chamber-copilot-runtime",
      "version": "0.0.0",
      "dependencies": {
        "@github/copilot": "1.0.69-1",
        "@github/copilot-sdk": "1.0.6-preview.1"
      }
    },
    "node_modules/@github/copilot": {
      "version": "1.0.69-1",
      "resolved": "https://registry.npmjs.org/@github/copilot/-/copilot-1.0.69-1.tgz",
      "integrity": "sha512-3kWG41prhG/+bMdgW6QvPZXSji2oVGSxQICrUStnW954vvwg0Snabz5g2P3/1EM7BJqoecYSSNIo+vzznxpuTQ==",
      "license": "SEE LICENSE IN LICENSE.md",
      "dependencies": {
        "detect-libc": "^2.1.2"
      },
      "bin": {
        "copilot": "npm-loader.js"
      },
      "optionalDependencies": {
        "@github/copilot-darwin-arm64": "1.0.69-1",
        "@github/copilot-darwin-x64": "1.0.69-1",
        "@github/copilot-linux-arm64": "1.0.69-1",
        "@github/copilot-linux-x64": "1.0.69-1",
        "@github/copilot-linuxmusl-arm64": "1.0.69-1",
        "@github/copilot-linuxmusl-x64": "1.0.69-1",
        "@github/copilot-win32-arm64": "1.0.69-1",
        "@github/copilot-win32-x64": "1.0.69-1"
      }
    },
    "node_modules/@github/copilot-darwin-arm64": {
      "version": "1.0.69-1",
      "resolved": "https://registry.npmjs.org/@github/copilot-darwin-arm64/-/copilot-darwin-arm64-1.0.69-1.tgz",
      "integrity": "sha512-rCgRgY+5AUK4SEcVxNIHTV4Apl8NwtWwlDMiVIV8UtE+re2oq7ojq3CGSo4wzagHWUQSjEAEpwVBL6+NFnSVYw==",
      "cpu": [
        "arm64"
      ],
      "license": "SEE LICENSE IN LICENSE.md",
      "optional": true,
      "os": [
        "darwin"
      ],
      "bin": {
        "copilot-darwin-arm64": "copilot"
      }
    },
    "node_modules/@github/copilot-darwin-x64": {
      "version": "1.0.69-1",
      "resolved": "https://registry.npmjs.org/@github/copilot-darwin-x64/-/copilot-darwin-x64-1.0.69-1.tgz",
      "integrity": "sha512-GnrRZziYWQrHJYpvbeZQoBWawbfOdVr43KgTqGru1ybVXh9BCtoYG/wcnIyla5ezlgNOtDphDg64cQHNhypgDQ==",
      "cpu": [
        "x64"
      ],
      "license": "SEE LICENSE IN LICENSE.md",
      "optional": true,
      "os": [
        "darwin"
      ],
      "bin": {
        "copilot-darwin-x64": "copilot"
      }
    },
    "node_modules/@github/copilot-linux-arm64": {
      "version": "1.0.69-1",
      "resolved": "https://registry.npmjs.org/@github/copilot-linux-arm64/-/copilot-linux-arm64-1.0.69-1.tgz",
      "integrity": "sha512-2Hls3xLhN4Gk1nEHzwEZ+0XySVAZeQa5Gz2KRXUbs+JJ0e0TikT7kKsGtK+1fhEgAFdZ721XvtvxB+LA32y/rQ==",
      "cpu": [
        "arm64"
      ],
      "license": "SEE LICENSE IN LICENSE.md",
      "optional": true,
      "os": [
        "linux"
      ],
      "bin": {
        "copilot-linux-arm64": "copilot"
      }
    },
    "node_modules/@github/copilot-linux-x64": {
      "version": "1.0.69-1",
      "resolved": "https://registry.npmjs.org/@github/copilot-linux-x64/-/copilot-linux-x64-1.0.69-1.tgz",
      "integrity": "sha512-MqBrjkhoynBYbrEqZjStKNXXIMEu+kSF2aUtGbotyz24vauAeg4lOf4E6uM41B53l1qoMoj34dQ+gPT+Tlvf6A==",
      "cpu": [
        "x64"
      ],
      "license": "SEE LICENSE IN LICENSE.md",
      "optional": true,
      "os": [
        "linux"
      ],
      "bin": {
        "copilot-linux-x64": "copilot"
      }
    },
    "node_modules/@github/copilot-linuxmusl-arm64": {
      "version": "1.0.69-1",
      "resolved": "https://registry.npmjs.org/@github/copilot-linuxmusl-arm64/-/copilot-linuxmusl-arm64-1.0.69-1.tgz",
      "integrity": "sha512-KfG+4vW53Aou5s6dYfAlrVIikIGvv8i3UQA+wGRJX0PvhB2Z2xje3+fcGhAGywghhCL/UjZT8rwaeyJWGvdrBg==",
      "cpu": [
        "arm64"
      ],
      "license": "SEE LICENSE IN LICENSE.md",
      "optional": true,
      "os": [
        "linux"
      ],
      "bin": {
        "copilot-linuxmusl-arm64": "copilot"
      }
    },
    "node_modules/@github/copilot-linuxmusl-x64": {
      "version": "1.0.69-1",
      "resolved": "https://registry.npmjs.org/@github/copilot-linuxmusl-x64/-/copilot-linuxmusl-x64-1.0.69-1.tgz",
      "integrity": "sha512-EgW/avqTW1vZp/7LfWotbUce9kkcpKELxn+PiVLGOcEFP/5/3nGt0mkXYpRJQJLwNcHTFFYLBfgLZSMJ3g1hTg==",
      "cpu": [
        "x64"
      ],
      "license": "SEE LICENSE IN LICENSE.md",
      "optional": true,
      "os": [
        "linux"
      ],
      "bin": {
        "copilot-linuxmusl-x64": "copilot"
      }
    },
    "node_modules/@github/copilot-sdk": {
      "version": "1.0.6-preview.1",
      "resolved": "https://registry.npmjs.org/@github/copilot-sdk/-/copilot-sdk-1.0.6-preview.1.tgz",
      "integrity": "sha512-SyBO5GpmCQRhvb7EvDMCsYyMDKm7On+dTHakJrkoKpARvMiCocYEjjAZuRGs8AiLXmyIuy/hqbSxWjIMNNrC0g==",
      "license": "MIT",
      "dependencies": {
        "@github/copilot": "^1.0.69-0",
        "vscode-jsonrpc": "^8.2.1",
        "zod": "^4.3.6"
      },
      "engines": {
        "node": "^20.19.0 || >=22.12.0"
      }
    },
    "node_modules/@github/copilot-win32-arm64": {
      "version": "1.0.69-1",
      "resolved": "https://registry.npmjs.org/@github/copilot-win32-arm64/-/copilot-win32-arm64-1.0.69-1.tgz",
      "integrity": "sha512-ySorVqbMWdSK21WvEUgSit4jTQcC+MnQeFF0ACWvtKj2q73dzXR6yh8AGJTXG2AzvEgVC2yY0TNAB28nk4zA+Q==",
      "cpu": [
        "arm64"
      ],
      "license": "SEE LICENSE IN LICENSE.md",
      "optional": true,
      "os": [
        "win32"
      ],
      "bin": {
        "copilot-win32-arm64": "copilot.exe"
      }
    },
    "node_modules/@github/copilot-win32-x64": {
      "version": "1.0.69-1",
      "resolved": "https://registry.npmjs.org/@github/copilot-win32-x64/-/copilot-win32-x64-1.0.69-1.tgz",
      "integrity": "sha512-S7Oj7o27olpS70s7BaipcDsMif2/YoHj7KyQI/2aoXJG2xZb25wds65f/gTtsgOQOnnpCefywt/bHpX8Bw8wDQ==",
      "cpu": [
        "x64"
      ],
      "license": "SEE LICENSE IN LICENSE.md",
      "optional": true,
      "os": [
        "win32"
      ],
      "bin": {
        "copilot-win32-x64": "copilot.exe"
      }
    },
    "node_modules/detect-libc": {
      "version": "2.1.2",
      "resolved": "https://registry.npmjs.org/detect-libc/-/detect-libc-2.1.2.tgz",
      "integrity": "sha512-Btj2BOOO83o3WyH59e8MgXsxEQVcarkUOpEYrubB0urwnN10yQ364rsiByU11nZlqWYZm05i/of7io4mzihBtQ==",
      "license": "Apache-2.0",
      "engines": {
        "node": ">=8"
      }
    },
    "node_modules/vscode-jsonrpc": {
      "version": "8.2.1",
      "resolved": "https://registry.npmjs.org/vscode-jsonrpc/-/vscode-jsonrpc-8.2.1.tgz",
      "integrity": "sha512-kdjOSJ2lLIn7r1rtrMbbNCHjyMPfRnowdKjBQ+mGq6NAW5QY2bEZC/khaC5OR8svbbjvLEaIXkOq45e2X9BIbQ==",
      "license": "MIT",
      "engines": {
        "node": ">=14.0.0"
      }
    },
    "node_modules/zod": {
      "version": "4.4.3",
      "resolved": "https://registry.npmjs.org/zod/-/zod-4.4.3.tgz",
      "integrity": "sha512-ytENFjIJFl2UwYglde2jchW2Hwm4GJFLDiSXWdTrJQBIN9Fcyp7n4DhxJEiWNAJMV1/BqWfW/kkg71UDcHJyTQ==",
      "license": "MIT",
      "funding": {
        "url": "https://github.com/sponsors/colinhacks"
      }
    }
  }
}
