{
  "name": "chamber-copilot-runtime",
  "version": "0.0.0",
  "lockfileVersion": 3,
  "requires": true,
  "packages": {
    "": {
      "name": "chamber-copilot-runtime",
      "version": "0.0.0",
      "dependencies": {
        "@github/copilot": "1.0.52-0",
        "@github/copilot-sdk": "0.3.0"
      }
    },
    "node_modules/@github/copilot": {
      "version": "1.0.52-0",
      "resolved": "https://registry.npmjs.org/@github/copilot/-/copilot-1.0.52-0.tgz",
      "integrity": "sha512-OpeTdTaPgOwnhdGz5eSQLpcXLm5SPLWDcBRTMtCKANSyNVZCB3xHVEfMtzis+BVdePr1fSnnGIAYaG5wYnsdSg==",
      "license": "SEE LICENSE IN LICENSE.md",
      "dependencies": {
        "detect-libc": "^2.1.2"
      },
      "bin": {
        "copilot": "npm-loader.js"
      },
      "optionalDependencies": {
        "@github/copilot-darwin-arm64": "1.0.52-0",
        "@github/copilot-darwin-x64": "1.0.52-0",
        "@github/copilot-linux-arm64": "1.0.52-0",
        "@github/copilot-linux-x64": "1.0.52-0",
        "@github/copilot-linuxmusl-arm64": "1.0.52-0",
        "@github/copilot-linuxmusl-x64": "1.0.52-0",
        "@github/copilot-win32-arm64": "1.0.52-0",
        "@github/copilot-win32-x64": "1.0.52-0"
      }
    },
    "node_modules/@github/copilot-darwin-arm64": {
      "version": "1.0.52-0",
      "resolved": "https://registry.npmjs.org/@github/copilot-darwin-arm64/-/copilot-darwin-arm64-1.0.52-0.tgz",
      "integrity": "sha512-LgnSEze1LmrmnKNFP4fYRhH4tmxk0xz7yjXtWb/cuMBkXgAS4nUb5HaO5NZWVbldHshXWuPfOl0cuG7oFuDX8Q==",
      "cpu": [
        "arm64"
      ],
      "license": "SEE LICENSE IN LICENSE.md",
      "optional": true,
      "os": [
        "darwin"
      ],
      "bin": {
        "copilot-darwin-arm64": "copilot"
      }
    },
    "node_modules/@github/copilot-darwin-x64": {
      "version": "1.0.52-0",
      "resolved": "https://registry.npmjs.org/@github/copilot-darwin-x64/-/copilot-darwin-x64-1.0.52-0.tgz",
      "integrity": "sha512-WFyeJIN5YsGRrdJPMnRBQrhU6BP0yt0PGOqOR1yvCp3n0cIVAF9sDn0fvQTCMo6cI7XAeqIrlI1xSc4nFidZDg==",
      "cpu": [
        "x64"
      ],
      "license": "SEE LICENSE IN LICENSE.md",
      "optional": true,
      "os": [
        "darwin"
      ],
      "bin": {
        "copilot-darwin-x64": "copilot"
      }
    },
    "node_modules/@github/copilot-linux-arm64": {
      "version": "1.0.52-0",
      "resolved": "https://registry.npmjs.org/@github/copilot-linux-arm64/-/copilot-linux-arm64-1.0.52-0.tgz",
      "integrity": "sha512-bOE+v954tpSXq75S3kN/Qz+91KrM8i7b3P+2+4OA2zSGNy3sKUfadKsLGJf6cmGefJCe+BVrYhVxhYhltSQJJA==",
      "cpu": [
        "arm64"
      ],
      "libc": [
        "glibc"
      ],
      "license": "SEE LICENSE IN LICENSE.md",
      "optional": true,
      "os": [
        "linux"
      ],
      "bin": {
        "copilot-linux-arm64": "copilot"
      }
    },
    "node_modules/@github/copilot-linux-x64": {
      "version": "1.0.52-0",
      "resolved": "https://registry.npmjs.org/@github/copilot-linux-x64/-/copilot-linux-x64-1.0.52-0.tgz",
      "integrity": "sha512-5NCuxj2nIq4Qu5QzlK8SYxi2K2zge4ZFUGJEAgt6bTac7MFIHoBAX/59GSRca1BAR+fi61HS6W5SQUHVuWA7rQ==",
      "cpu": [
        "x64"
      ],
      "libc": [
        "glibc"
      ],
      "license": "SEE LICENSE IN LICENSE.md",
      "optional": true,
      "os": [
        "linux"
      ],
      "bin": {
        "copilot-linux-x64": "copilot"
      }
    },
    "node_modules/@github/copilot-linuxmusl-arm64": {
      "version": "1.0.52-0",
      "resolved": "https://registry.npmjs.org/@github/copilot-linuxmusl-arm64/-/copilot-linuxmusl-arm64-1.0.52-0.tgz",
      "integrity": "sha512-0l6CSFNDtGwhLBuUMEBpnQB8olPeTwTc9yfCWhq1z4LtbJ4U/tdQdEJsd/EZIOzWJbXZKqDyL6iMkkme6v3B8w==",
      "cpu": [
        "arm64"
      ],
      "libc": [
        "musl"
      ],
      "license": "SEE LICENSE IN LICENSE.md",
      "optional": true,
      "os": [
        "linux"
      ],
      "bin": {
        "copilot-linuxmusl-arm64": "copilot"
      }
    },
    "node_modules/@github/copilot-linuxmusl-x64": {
      "version": "1.0.52-0",
      "resolved": "https://registry.npmjs.org/@github/copilot-linuxmusl-x64/-/copilot-linuxmusl-x64-1.0.52-0.tgz",
      "integrity": "sha512-gDAf2jrK4uKly/tdoZK4PiOx7wOvHbpFgbdXBDby/tph7/l4+hKxPsXNak+bEbBoCrLeYaSMIurbaubC8UoXUg==",
      "cpu": [
        "x64"
      ],
      "libc": [
        "musl"
      ],
      "license": "SEE LICENSE IN LICENSE.md",
      "optional": true,
      "os": [
        "linux"
      ],
      "bin": {
        "copilot-linuxmusl-x64": "copilot"
      }
    },
    "node_modules/@github/copilot-sdk": {
      "version": "0.3.0",
      "resolved": "https://registry.npmjs.org/@github/copilot-sdk/-/copilot-sdk-0.3.0.tgz",
      "integrity": "sha512-SUo35k56pzzgYgwmDPHcu7kZxPrzXbH66IWXaEf6pmb94DlA709F82HrrDeja087TL4djJ9OuvRFWWOKCosAsg==",
      "license": "MIT",
      "dependencies": {
        "@github/copilot": "^1.0.36-0",
        "vscode-jsonrpc": "^8.2.1",
        "zod": "^4.3.6"
      },
      "engines": {
        "node": ">=20.0.0"
      }
    },
    "node_modules/@github/copilot-sdk/node_modules/@github/copilot": {
      "version": "1.0.48",
      "resolved": "https://registry.npmjs.org/@github/copilot/-/copilot-1.0.48.tgz",
      "integrity": "sha512-U5SzyTEq376UU9A4Sd3TEKz+Y2nRUd90cLO4Hc1otaB8yFSy9Ur2UVGcI2/wCoodL3a39k6WbdgNzFxr0gWFRQ==",
      "license": "SEE LICENSE IN LICENSE.md",
      "bin": {
        "copilot": "npm-loader.js"
      },
      "optionalDependencies": {
        "@github/copilot-darwin-arm64": "1.0.48",
        "@github/copilot-darwin-x64": "1.0.48",
        "@github/copilot-linux-arm64": "1.0.48",
        "@github/copilot-linux-x64": "1.0.48",
        "@github/copilot-win32-arm64": "1.0.48",
        "@github/copilot-win32-x64": "1.0.48"
      }
    },
    "node_modules/@github/copilot-sdk/node_modules/@github/copilot-darwin-arm64": {
      "version": "1.0.48",
      "resolved": "https://registry.npmjs.org/@github/copilot-darwin-arm64/-/copilot-darwin-arm64-1.0.48.tgz",
      "integrity": "sha512-82MLoMQwPVVFM8EYssihFxSEPUYtZADE8rMzQ3jG9HgRg2qjQSfnHQS1mKe64dlXswZUK/onw6/8kjnW5I4pPg==",
      "cpu": [
        "arm64"
      ],
      "license": "SEE LICENSE IN LICENSE.md",
      "optional": true,
      "os": [
        "darwin"
      ],
      "bin": {
        "copilot-darwin-arm64": "copilot"
      }
    },
    "node_modules/@github/copilot-sdk/node_modules/@github/copilot-darwin-x64": {
      "version": "1.0.48",
      "resolved": "https://registry.npmjs.org/@github/copilot-darwin-x64/-/copilot-darwin-x64-1.0.48.tgz",
      "integrity": "sha512-1VQ5r5F0h8GwboXmZTcutqcJT+iCpPXAF27QqodmpKEvW9aYfG8g9X2kFJOzDZoX+SA3Uaka9qXdYKF2xT6Uog==",
      "cpu": [
        "x64"
      ],
      "license": "SEE LICENSE IN LICENSE.md",
      "optional": true,
      "os": [
        "darwin"
      ],
      "bin": {
        "copilot-darwin-x64": "copilot"
      }
    },
    "node_modules/@github/copilot-sdk/node_modules/@github/copilot-linux-arm64": {
      "version": "1.0.48",
      "resolved": "https://registry.npmjs.org/@github/copilot-linux-arm64/-/copilot-linux-arm64-1.0.48.tgz",
      "integrity": "sha512-PmsGnb0DZlI+Bf53l9HM1PAHHkUcMyB4y8v/7tnC/jDOV5dGF124n0HnDNfJLOLiJGiQGodthIif6QtPaAxpeA==",
      "cpu": [
        "arm64"
      ],
      "license": "SEE LICENSE IN LICENSE.md",
      "optional": true,
      "os": [
        "linux"
      ],
      "bin": {
        "copilot-linux-arm64": "copilot"
      }
    },
    "node_modules/@github/copilot-sdk/node_modules/@github/copilot-linux-x64": {
      "version": "1.0.48",
      "resolved": "https://registry.npmjs.org/@github/copilot-linux-x64/-/copilot-linux-x64-1.0.48.tgz",
      "integrity": "sha512-b2cc4euSlke9fYHXXsS2EL9UYbctN0h4lZvtAcKUDY+RCnpYAQOVBZK+c1R9dQrtsT6Z/yUv7PuFPSs8qdtc2Q==",
      "cpu": [
        "x64"
      ],
      "license": "SEE LICENSE IN LICENSE.md",
      "optional": true,
      "os": [
        "linux"
      ],
      "bin": {
        "copilot-linux-x64": "copilot"
      }
    },
    "node_modules/@github/copilot-sdk/node_modules/@github/copilot-win32-arm64": {
      "version": "1.0.48",
      "resolved": "https://registry.npmjs.org/@github/copilot-win32-arm64/-/copilot-win32-arm64-1.0.48.tgz",
      "integrity": "sha512-VEEOwddtpJ3DTbXGhnK6K8im4ofl9m08q1m/K++sNvWV8wkkOSOQBTiPdyUsuU/TXAoFhb8tZMIJv+6NnMBtMw==",
      "cpu": [
        "arm64"
      ],
      "license": "SEE LICENSE IN LICENSE.md",
      "optional": true,
      "os": [
        "win32"
      ],
      "bin": {
        "copilot-win32-arm64": "copilot.exe"
      }
    },
    "node_modules/@github/copilot-sdk/node_modules/@github/copilot-win32-x64": {
      "version": "1.0.48",
      "resolved": "https://registry.npmjs.org/@github/copilot-win32-x64/-/copilot-win32-x64-1.0.48.tgz",
      "integrity": "sha512-93BzvXLPHTyy1gWBXQY/IWIHor4IAwZuuo7/obG80/Qa6U0WeaN9slz/FBJvrsgVNrrRfEID5Xm3At+S6Kj67Q==",
      "cpu": [
        "x64"
      ],
      "license": "SEE LICENSE IN LICENSE.md",
      "optional": true,
      "os": [
        "win32"
      ],
      "bin": {
        "copilot-win32-x64": "copilot.exe"
      }
    },
    "node_modules/@github/copilot-win32-arm64": {
      "version": "1.0.52-0",
      "resolved": "https://registry.npmjs.org/@github/copilot-win32-arm64/-/copilot-win32-arm64-1.0.52-0.tgz",
      "integrity": "sha512-DdmNzqGMZC2TkR6Bu4V4rRo6fb8KmKKlJ7FIRLkBiX33Khps1PVxKqk/TTuao6w4WvT/Sxk5gGh63mshRYlASA==",
      "cpu": [
        "arm64"
      ],
      "license": "SEE LICENSE IN LICENSE.md",
      "optional": true,
      "os": [
        "win32"
      ],
      "bin": {
        "copilot-win32-arm64": "copilot.exe"
      }
    },
    "node_modules/@github/copilot-win32-x64": {
      "version": "1.0.52-0",
      "resolved": "https://registry.npmjs.org/@github/copilot-win32-x64/-/copilot-win32-x64-1.0.52-0.tgz",
      "integrity": "sha512-uvUsnPAwZwNQEmC0yQ6o8O2odQzU6RU4JE9pHTyZGmvScZ9iRvb/ZQ8oR+Dmd+RapJbCnfLMm+39yValmtGG5g==",
      "cpu": [
        "x64"
      ],
      "license": "SEE LICENSE IN LICENSE.md",
      "optional": true,
      "os": [
        "win32"
      ],
      "bin": {
        "copilot-win32-x64": "copilot.exe"
      }
    },
    "node_modules/detect-libc": {
      "version": "2.1.2",
      "resolved": "https://registry.npmjs.org/detect-libc/-/detect-libc-2.1.2.tgz",
      "integrity": "sha512-Btj2BOOO83o3WyH59e8MgXsxEQVcarkUOpEYrubB0urwnN10yQ364rsiByU11nZlqWYZm05i/of7io4mzihBtQ==",
      "license": "Apache-2.0",
      "engines": {
        "node": ">=8"
      }
    },
    "node_modules/vscode-jsonrpc": {
      "version": "8.2.1",
      "resolved": "https://registry.npmjs.org/vscode-jsonrpc/-/vscode-jsonrpc-8.2.1.tgz",
      "integrity": "sha512-kdjOSJ2lLIn7r1rtrMbbNCHjyMPfRnowdKjBQ+mGq6NAW5QY2bEZC/khaC5OR8svbbjvLEaIXkOq45e2X9BIbQ==",
      "license": "MIT",
      "engines": {
        "node": ">=14.0.0"
      }
    },
    "node_modules/zod": {
      "version": "4.3.6",
      "resolved": "https://registry.npmjs.org/zod/-/zod-4.3.6.tgz",
      "integrity": "sha512-rftlrkhHZOcjDwkGlnUtZZkvaPHCsDATp4pGpuOOMDaTdDDXF91wuVDJoWoPsKX/3YPQ5fHuF3STjcYyKr+Qhg==",
      "license": "MIT",
      "funding": {
        "url": "https://github.com/sponsors/colinhacks"
      }
    }
  }
}
