{
  "name": "chamber-copilot-runtime",
  "version": "0.0.0",
  "lockfileVersion": 3,
  "requires": true,
  "packages": {
    "": {
      "name": "chamber-copilot-runtime",
      "version": "0.0.0",
      "dependencies": {
        "@github/copilot": "1.0.57-2",
        "@github/copilot-sdk": "1.0.0-beta.8"
      }
    },
    "node_modules/@github/copilot": {
      "version": "1.0.57-2",
      "resolved": "https://registry.npmjs.org/@github/copilot/-/copilot-1.0.57-2.tgz",
      "integrity": "sha512-VuUUAfvoyRhgebVMqcFO8wNNcBfkyXYnRhdYspitT86y2yoJiPCEVeeUzSpYBkF1a0nlGwtaDvKt1OOxaBlRBw==",
      "license": "SEE LICENSE IN LICENSE.md",
      "dependencies": {
        "detect-libc": "^2.1.2"
      },
      "bin": {
        "copilot": "npm-loader.js"
      },
      "optionalDependencies": {
        "@github/copilot-darwin-arm64": "1.0.57-2",
        "@github/copilot-darwin-x64": "1.0.57-2",
        "@github/copilot-linux-arm64": "1.0.57-2",
        "@github/copilot-linux-x64": "1.0.57-2",
        "@github/copilot-linuxmusl-arm64": "1.0.57-2",
        "@github/copilot-linuxmusl-x64": "1.0.57-2",
        "@github/copilot-win32-arm64": "1.0.57-2",
        "@github/copilot-win32-x64": "1.0.57-2"
      }
    },
    "node_modules/@github/copilot-darwin-arm64": {
      "version": "1.0.57-2",
      "resolved": "https://registry.npmjs.org/@github/copilot-darwin-arm64/-/copilot-darwin-arm64-1.0.57-2.tgz",
      "integrity": "sha512-Tmat4qt9W4sGMaUoegFVpO2OzNEEh0Cdf0SJlr6Cj3sGaivFSlEXb2QWeiITUuK/L5odbbEdHS+iqED7Ou33Gg==",
      "cpu": [
        "arm64"
      ],
      "license": "SEE LICENSE IN LICENSE.md",
      "optional": true,
      "os": [
        "darwin"
      ],
      "bin": {
        "copilot-darwin-arm64": "copilot"
      }
    },
    "node_modules/@github/copilot-darwin-x64": {
      "version": "1.0.57-2",
      "resolved": "https://registry.npmjs.org/@github/copilot-darwin-x64/-/copilot-darwin-x64-1.0.57-2.tgz",
      "integrity": "sha512-JM8V+ZUExpphIG8zh6US6WJrWBI/D9o6UYd9wjHfWIqvlXJXvC682eUdPBDG2CWovidSySmvT/yHVAjjoFP7Ow==",
      "cpu": [
        "x64"
      ],
      "license": "SEE LICENSE IN LICENSE.md",
      "optional": true,
      "os": [
        "darwin"
      ],
      "bin": {
        "copilot-darwin-x64": "copilot"
      }
    },
    "node_modules/@github/copilot-linux-arm64": {
      "version": "1.0.57-2",
      "resolved": "https://registry.npmjs.org/@github/copilot-linux-arm64/-/copilot-linux-arm64-1.0.57-2.tgz",
      "integrity": "sha512-DSlqeyiy/Ze0ove5hkAMZIhDIVJbyNeteVlMjmpTciL49ssqSynoZvc1DttJ3o/R1IQ8SXaJE1boCIy6cgV4YA==",
      "cpu": [
        "arm64"
      ],
      "license": "SEE LICENSE IN LICENSE.md",
      "optional": true,
      "os": [
        "linux"
      ],
      "bin": {
        "copilot-linux-arm64": "copilot"
      }
    },
    "node_modules/@github/copilot-linux-x64": {
      "version": "1.0.57-2",
      "resolved": "https://registry.npmjs.org/@github/copilot-linux-x64/-/copilot-linux-x64-1.0.57-2.tgz",
      "integrity": "sha512-aHXhrjZQpIX/ddtJz+bYx89qra2Xr9RdHMZF3pRzK+ebmnKBiCq4oQ6rvUPDWEH149+49phJdHi07ZSdgKUnEg==",
      "cpu": [
        "x64"
      ],
      "license": "SEE LICENSE IN LICENSE.md",
      "optional": true,
      "os": [
        "linux"
      ],
      "bin": {
        "copilot-linux-x64": "copilot"
      }
    },
    "node_modules/@github/copilot-linuxmusl-arm64": {
      "version": "1.0.57-2",
      "resolved": "https://registry.npmjs.org/@github/copilot-linuxmusl-arm64/-/copilot-linuxmusl-arm64-1.0.57-2.tgz",
      "integrity": "sha512-Vfy9n6h+30wXOVSUIx75Uzuz5pIlc4VRPNq7jZxM1YFcbMq9R1NZWV8ZKRnBb4vVzxggz7iV3fxBkfr5+tIrSA==",
      "cpu": [
        "arm64"
      ],
      "license": "SEE LICENSE IN LICENSE.md",
      "optional": true,
      "os": [
        "linux"
      ],
      "bin": {
        "copilot-linuxmusl-arm64": "copilot"
      }
    },
    "node_modules/@github/copilot-linuxmusl-x64": {
      "version": "1.0.57-2",
      "resolved": "https://registry.npmjs.org/@github/copilot-linuxmusl-x64/-/copilot-linuxmusl-x64-1.0.57-2.tgz",
      "integrity": "sha512-lPfPcyFKbdE7Vk7n2a1aWFhX7BOyX2HBtZc0wltaXGS0kh0V7WFq0mxifSg9vHC0D8sq0svLqb3C2VGo/+PnBw==",
      "cpu": [
        "x64"
      ],
      "license": "SEE LICENSE IN LICENSE.md",
      "optional": true,
      "os": [
        "linux"
      ],
      "bin": {
        "copilot-linuxmusl-x64": "copilot"
      }
    },
    "node_modules/@github/copilot-sdk": {
      "version": "1.0.0-beta.8",
      "resolved": "https://registry.npmjs.org/@github/copilot-sdk/-/copilot-sdk-1.0.0-beta.8.tgz",
      "integrity": "sha512-lAuBfH6E5PUaSj8P/0FVMxzvwwBUs02tlvQ56PoJFtuc47KPqzGpf9BS7+h2eEr1UmjoLNJ/yqDiVApH9Oo1Fg==",
      "license": "MIT",
      "dependencies": {
        "@github/copilot": "^1.0.55-1",
        "vscode-jsonrpc": "^8.2.1",
        "zod": "^4.3.6"
      },
      "engines": {
        "node": ">=20.0.0"
      }
    },
    "node_modules/@github/copilot-win32-arm64": {
      "version": "1.0.57-2",
      "resolved": "https://registry.npmjs.org/@github/copilot-win32-arm64/-/copilot-win32-arm64-1.0.57-2.tgz",
      "integrity": "sha512-LdzGoyVS5UZOyaBPl05hALYgyFjRCHD6zkayX5+lhMmwpHkyUCrRTY95oMtNfdbHAUXTtXIplgJtRJt/Bm0voQ==",
      "cpu": [
        "arm64"
      ],
      "license": "SEE LICENSE IN LICENSE.md",
      "optional": true,
      "os": [
        "win32"
      ],
      "bin": {
        "copilot-win32-arm64": "copilot.exe"
      }
    },
    "node_modules/@github/copilot-win32-x64": {
      "version": "1.0.57-2",
      "resolved": "https://registry.npmjs.org/@github/copilot-win32-x64/-/copilot-win32-x64-1.0.57-2.tgz",
      "integrity": "sha512-GeVThYX4ibb01tSqKNBiqztQIJrr3TnpxcyW7BbS4Knk4eCpOHKlNZ36VLE2+BSQeaJ979SRD25F5coRjMziXw==",
      "cpu": [
        "x64"
      ],
      "license": "SEE LICENSE IN LICENSE.md",
      "optional": true,
      "os": [
        "win32"
      ],
      "bin": {
        "copilot-win32-x64": "copilot.exe"
      }
    },
    "node_modules/detect-libc": {
      "version": "2.1.2",
      "resolved": "https://registry.npmjs.org/detect-libc/-/detect-libc-2.1.2.tgz",
      "integrity": "sha512-Btj2BOOO83o3WyH59e8MgXsxEQVcarkUOpEYrubB0urwnN10yQ364rsiByU11nZlqWYZm05i/of7io4mzihBtQ==",
      "license": "Apache-2.0",
      "engines": {
        "node": ">=8"
      }
    },
    "node_modules/vscode-jsonrpc": {
      "version": "8.2.1",
      "resolved": "https://registry.npmjs.org/vscode-jsonrpc/-/vscode-jsonrpc-8.2.1.tgz",
      "integrity": "sha512-kdjOSJ2lLIn7r1rtrMbbNCHjyMPfRnowdKjBQ+mGq6NAW5QY2bEZC/khaC5OR8svbbjvLEaIXkOq45e2X9BIbQ==",
      "license": "MIT",
      "engines": {
        "node": ">=14.0.0"
      }
    },
    "node_modules/zod": {
      "version": "4.3.6",
      "resolved": "https://registry.npmjs.org/zod/-/zod-4.3.6.tgz",
      "integrity": "sha512-rftlrkhHZOcjDwkGlnUtZZkvaPHCsDATp4pGpuOOMDaTdDDXF91wuVDJoWoPsKX/3YPQ5fHuF3STjcYyKr+Qhg==",
      "license": "MIT",
      "funding": {
        "url": "https://github.com/sponsors/colinhacks"
      }
    }
  }
}
